{
  "version": 4,
  "terraform_version": "1.12.2",
  "serial": 39,
  "lineage": "87e837b7-4d81-9e83-496f-7d4431aab791",
  "outputs": {
    "daily_lambda_function_name": {
      "value": "apartment-pipeline-daily-predictions-staging",
      "type": "string"
    },
    "ecr_repository_url": {
      "value": "231917356461.dkr.ecr.us-east-1.amazonaws.com/apartment-pipeline-staging",
      "type": "string"
    },
    "mlflow_bucket_name": {
      "value": "apartment-pipeline-mlflow-staging-231917356461",
      "type": "string"
    },
    "predictions_bucket_name": {
      "value": "apartment-pipeline-predictions-staging-231917356461",
      "type": "string"
    },
    "secret_arn": {
      "value": "arn:aws:secretsmanager:us-east-1:231917356461:secret:apartment-pipeline-api-keys-staging-bT52Dn",
      "type": "string",
      "sensitive": true
    },
    "sns_topic_arn": {
      "value": "arn:aws:sns:us-east-1:231917356461:apartment-pipeline-alerts-staging",
      "type": "string"
    },
    "training_bucket_name": {
      "value": "apartment-pipeline-training-staging-231917356461",
      "type": "string"
    },
    "training_lambda_function_name": {
      "value": "apartment-pipeline-weekly-training-staging",
      "type": "string"
    }
  },
  "resources": [
    {
      "mode": "data",
      "type": "aws_caller_identity",
      "name": "current",
      "provider": "provider[\"registry.terraform.io/hashicorp/aws\"]",
      "instances": [
        {
          "schema_version": 0,
          "attributes": {
            "account_id": "231917356461",
            "arn": "arn:aws:iam::231917356461:user/mmichal_master",
            "id": "231917356461",
            "user_id": "AIDATL722AWWXPWGIYMU7"
          },
          "sensitive_attributes": [],
          "identity_schema_version": 0
        }
      ]
    },
    {
      "mode": "data",
      "type": "aws_region",
      "name": "current",
      "provider": "provider[\"registry.terraform.io/hashicorp/aws\"]",
      "instances": [
        {
          "schema_version": 0,
          "attributes": {
            "description": "US East (N. Virginia)",
            "endpoint": "ec2.us-east-1.amazonaws.com",
            "id": "us-east-1",
            "name": "us-east-1"
          },
          "sensitive_attributes": [],
          "identity_schema_version": 0
        }
      ]
    },
    {
      "mode": "managed",
      "type": "aws_cloudwatch_event_rule",
      "name": "daily_predictions",
      "provider": "provider[\"registry.terraform.io/hashicorp/aws\"]",
      "instances": [
        {
          "schema_version": 1,
          "attributes": {
            "arn": "arn:aws:events:us-east-1:231917356461:rule/apartment-pipeline-daily-staging",
            "description": "Trigger daily apartment predictions",
            "event_bus_name": "default",
            "event_pattern": null,
            "force_destroy": false,
            "id": "apartment-pipeline-daily-staging",
            "is_enabled": true,
            "name": "apartment-pipeline-daily-staging",
            "name_prefix": "",
            "role_arn": "",
            "schedule_expression": "cron(0 11 * * ? *)",
            "state": "ENABLED",
            "tags": {
              "Environment": "staging",
              "ManagedBy": "Terraform",
              "Project": "apartment-pipeline"
            },
            "tags_all": {
              "Environment": "staging",
              "ManagedBy": "Terraform",
              "Owner": "MLOps Team",
              "Project": "apartment-pipeline"
            }
          },
          "sensitive_attributes": [],
          "identity_schema_version": 0,
          "private": "eyJzY2hlbWFfdmVyc2lvbiI6IjEifQ=="
        }
      ]
    },
    {
      "mode": "managed",
      "type": "aws_cloudwatch_event_rule",
      "name": "weekly_training",
      "provider": "provider[\"registry.terraform.io/hashicorp/aws\"]",
      "instances": [
        {
          "schema_version": 1,
          "attributes": {
            "arn": "arn:aws:events:us-east-1:231917356461:rule/apartment-pipeline-weekly-staging",
            "description": "Trigger weekly model training",
            "event_bus_name": "default",
            "event_pattern": null,
            "force_destroy": false,
            "id": "apartment-pipeline-weekly-staging",
            "is_enabled": true,
            "name": "apartment-pipeline-weekly-staging",
            "name_prefix": "",
            "role_arn": "",
            "schedule_expression": "cron(0 6 ? * SUN *)",
            "state": "ENABLED",
            "tags": {
              "Environment": "staging",
              "ManagedBy": "Terraform",
              "Project": "apartment-pipeline"
            },
            "tags_all": {
              "Environment": "staging",
              "ManagedBy": "Terraform",
              "Owner": "MLOps Team",
              "Project": "apartment-pipeline"
            }
          },
          "sensitive_attributes": [],
          "identity_schema_version": 0,
          "private": "eyJzY2hlbWFfdmVyc2lvbiI6IjEifQ=="
        }
      ]
    },
    {
      "mode": "managed",
      "type": "aws_ecr_lifecycle_policy",
      "name": "app",
      "provider": "provider[\"registry.terraform.io/hashicorp/aws\"]",
      "instances": [
        {
          "schema_version": 0,
          "attributes": {
            "id": "apartment-pipeline-staging",
            "policy": "{\"rules\":[{\"action\":{\"type\":\"expire\"},\"description\":\"Keep last 10 images\",\"rulePriority\":1,\"selection\":{\"countNumber\":10,\"countType\":\"imageCountMoreThan\",\"tagPrefixList\":[\"staging-\"],\"tagStatus\":\"tagged\"}},{\"action\":{\"type\":\"expire\"},\"description\":\"Expire untagged images older than 7 days\",\"rulePriority\":2,\"selection\":{\"countNumber\":7,\"countType\":\"sinceImagePushed\",\"countUnit\":\"days\",\"tagStatus\":\"untagged\"}}]}",
            "registry_id": "231917356461",
            "repository": "apartment-pipeline-staging"
          },
          "sensitive_attributes": [],
          "identity_schema_version": 0,
          "private": "bnVsbA==",
          "dependencies": [
            "aws_ecr_repository.app"
          ]
        }
      ]
    },
    {
      "mode": "managed",
      "type": "aws_ecr_repository",
      "name": "app",
      "provider": "provider[\"registry.terraform.io/hashicorp/aws\"]",
      "instances": [
        {
          "schema_version": 0,
          "attributes": {
            "arn": "arn:aws:ecr:us-east-1:231917356461:repository/apartment-pipeline-staging",
            "encryption_configuration": [
              {
                "encryption_type": "AES256",
                "kms_key": ""
              }
            ],
            "force_delete": null,
            "id": "apartment-pipeline-staging",
            "image_scanning_configuration": [
              {
                "scan_on_push": true
              }
            ],
            "image_tag_mutability": "MUTABLE",
            "name": "apartment-pipeline-staging",
            "registry_id": "231917356461",
            "repository_url": "231917356461.dkr.ecr.us-east-1.amazonaws.com/apartment-pipeline-staging",
            "tags": {
              "Environment": "staging",
              "ManagedBy": "Terraform",
              "Project": "apartment-pipeline"
            },
            "tags_all": {
              "Environment": "staging",
              "ManagedBy": "Terraform",
              "Owner": "MLOps Team",
              "Project": "apartment-pipeline"
            },
            "timeouts": null
          },
          "sensitive_attributes": [],
          "identity_schema_version": 0,
          "private": "eyJlMmJmYjczMC1lY2FhLTExZTYtOGY4OC0zNDM2M2JjN2M0YzAiOnsiZGVsZXRlIjoxMjAwMDAwMDAwMDAwfX0="
        }
      ]
    },
    {
      "mode": "managed",
      "type": "aws_secretsmanager_secret",
      "name": "api_keys",
      "provider": "provider[\"registry.terraform.io/hashicorp/aws\"]",
      "instances": [
        {
          "schema_version": 0,
          "attributes": {
            "arn": "arn:aws:secretsmanager:us-east-1:231917356461:secret:apartment-pipeline-api-keys-staging-bT52Dn",
            "description": "API keys and credentials for apartment pipeline",
            "force_overwrite_replica_secret": false,
            "id": "arn:aws:secretsmanager:us-east-1:231917356461:secret:apartment-pipeline-api-keys-staging-bT52Dn",
            "kms_key_id": "",
            "name": "apartment-pipeline-api-keys-staging",
            "name_prefix": "",
            "policy": "",
            "recovery_window_in_days": 30,
            "replica": [],
            "tags": {
              "Environment": "staging",
              "ManagedBy": "Terraform",
              "Project": "apartment-pipeline"
            },
            "tags_all": {
              "Environment": "staging",
              "ManagedBy": "Terraform",
              "Owner": "MLOps Team",
              "Project": "apartment-pipeline"
            }
          },
          "sensitive_attributes": [],
          "identity_schema_version": 0,
          "private": "bnVsbA=="
        }
      ]
    },
    {
      "mode": "managed",
      "type": "aws_sns_topic",
      "name": "alerts",
      "provider": "provider[\"registry.terraform.io/hashicorp/aws\"]",
      "instances": [
        {
          "schema_version": 0,
          "attributes": {
            "application_failure_feedback_role_arn": "",
            "application_success_feedback_role_arn": "",
            "application_success_feedback_sample_rate": 0,
            "archive_policy": "",
            "arn": "arn:aws:sns:us-east-1:231917356461:apartment-pipeline-alerts-staging",
            "beginning_archive_time": "",
            "content_based_deduplication": false,
            "delivery_policy": "",
            "display_name": "",
            "fifo_throughput_scope": "",
            "fifo_topic": false,
            "firehose_failure_feedback_role_arn": "",
            "firehose_success_feedback_role_arn": "",
            "firehose_success_feedback_sample_rate": 0,
            "http_failure_feedback_role_arn": "",
            "http_success_feedback_role_arn": "",
            "http_success_feedback_sample_rate": 0,
            "id": "arn:aws:sns:us-east-1:231917356461:apartment-pipeline-alerts-staging",
            "kms_master_key_id": "",
            "lambda_failure_feedback_role_arn": "",
            "lambda_success_feedback_role_arn": "",
            "lambda_success_feedback_sample_rate": 0,
            "name": "apartment-pipeline-alerts-staging",
            "name_prefix": "",
            "owner": "231917356461",
            "policy": "{\"Id\":\"__default_policy_ID\",\"Statement\":[{\"Action\":[\"SNS:GetTopicAttributes\",\"SNS:SetTopicAttributes\",\"SNS:AddPermission\",\"SNS:RemovePermission\",\"SNS:DeleteTopic\",\"SNS:Subscribe\",\"SNS:ListSubscriptionsByTopic\",\"SNS:Publish\"],\"Condition\":{\"StringEquals\":{\"AWS:SourceOwner\":\"231917356461\"}},\"Effect\":\"Allow\",\"Principal\":{\"AWS\":\"*\"},\"Resource\":\"arn:aws:sns:us-east-1:231917356461:apartment-pipeline-alerts-staging\",\"Sid\":\"__default_statement_ID\"}],\"Version\":\"2008-10-17\"}",
            "signature_version": 0,
            "sqs_failure_feedback_role_arn": "",
            "sqs_success_feedback_role_arn": "",
            "sqs_success_feedback_sample_rate": 0,
            "tags": {
              "Environment": "staging",
              "ManagedBy": "Terraform",
              "Project": "apartment-pipeline"
            },
            "tags_all": {
              "Environment": "staging",
              "ManagedBy": "Terraform",
              "Owner": "MLOps Team",
              "Project": "apartment-pipeline"
            },
            "tracing_config": ""
          },
          "sensitive_attributes": [],
          "identity_schema_version": 0,
          "private": "bnVsbA=="
        }
      ]
    },
    {
      "mode": "managed",
      "type": "aws_sns_topic_subscription",
      "name": "email_alerts",
      "provider": "provider[\"registry.terraform.io/hashicorp/aws\"]",
      "instances": [
        {
          "schema_version": 0,
          "attributes": {
            "arn": "arn:aws:sns:us-east-1:231917356461:apartment-pipeline-alerts-staging:c7f081b5-e6b4-4e0a-a38f-09676084b3c8",
            "confirmation_timeout_in_minutes": 1,
            "confirmation_was_authenticated": false,
            "delivery_policy": "",
            "endpoint": "matthew.michal11@gmail.com",
            "endpoint_auto_confirms": false,
            "filter_policy": "",
            "filter_policy_scope": "",
            "id": "arn:aws:sns:us-east-1:231917356461:apartment-pipeline-alerts-staging:c7f081b5-e6b4-4e0a-a38f-09676084b3c8",
            "owner_id": "231917356461",
            "pending_confirmation": true,
            "protocol": "email",
            "raw_message_delivery": false,
            "redrive_policy": "",
            "replay_policy": "",
            "subscription_role_arn": "",
            "topic_arn": "arn:aws:sns:us-east-1:231917356461:apartment-pipeline-alerts-staging"
          },
          "sensitive_attributes": [],
          "identity_schema_version": 0,
          "private": "bnVsbA==",
          "dependencies": [
            "aws_sns_topic.alerts"
          ]
        }
      ]
    },
    {
      "mode": "managed",
      "type": "aws_sqs_queue",
      "name": "dlq",
      "provider": "provider[\"registry.terraform.io/hashicorp/aws\"]",
      "instances": [
        {
          "schema_version": 0,
          "attributes": {
            "arn": "arn:aws:sqs:us-east-1:231917356461:apartment-pipeline-dlq-staging",
            "content_based_deduplication": false,
            "deduplication_scope": "",
            "delay_seconds": 0,
            "fifo_queue": false,
            "fifo_throughput_limit": "",
            "id": "https://sqs.us-east-1.amazonaws.com/231917356461/apartment-pipeline-dlq-staging",
            "kms_data_key_reuse_period_seconds": 300,
            "kms_master_key_id": "",
            "max_message_size": 262144,
            "message_retention_seconds": 1209600,
            "name": "apartment-pipeline-dlq-staging",
            "name_prefix": "",
            "policy": "",
            "receive_wait_time_seconds": 0,
            "redrive_allow_policy": "",
            "redrive_policy": "",
            "sqs_managed_sse_enabled": true,
            "tags": {
              "Environment": "staging",
              "ManagedBy": "Terraform",
              "Project": "apartment-pipeline"
            },
            "tags_all": {
              "Environment": "staging",
              "ManagedBy": "Terraform",
              "Owner": "MLOps Team",
              "Project": "apartment-pipeline"
            },
            "timeouts": null,
            "url": "https://sqs.us-east-1.amazonaws.com/231917356461/apartment-pipeline-dlq-staging",
            "visibility_timeout_seconds": 30
          },
          "sensitive_attributes": [],
          "identity_schema_version": 0,
          "private": "eyJlMmJmYjczMC1lY2FhLTExZTYtOGY4OC0zNDM2M2JjN2M0YzAiOnsiY3JlYXRlIjoxODAwMDAwMDAwMDAsImRlbGV0ZSI6MTgwMDAwMDAwMDAwLCJ1cGRhdGUiOjE4MDAwMDAwMDAwMH19"
        }
      ]
    },
    {
      "module": "module.lambda_daily",
      "mode": "managed",
      "type": "aws_cloudwatch_log_group",
      "name": "lambda_logs",
      "provider": "provider[\"registry.terraform.io/hashicorp/aws\"]",
      "instances": [
        {
          "schema_version": 0,
          "attributes": {
            "arn": "arn:aws:logs:us-east-1:231917356461:log-group:/aws/lambda/apartment-pipeline-daily-predictions-staging",
            "id": "/aws/lambda/apartment-pipeline-daily-predictions-staging",
            "kms_key_id": "",
            "log_group_class": "STANDARD",
            "name": "/aws/lambda/apartment-pipeline-daily-predictions-staging",
            "name_prefix": "",
            "retention_in_days": 30,
            "skip_destroy": false,
            "tags": {
              "Environment": "staging",
              "Name": "apartment-pipeline-daily-predictions-staging-logs",
              "Project": "apartment-pipeline"
            },
            "tags_all": {
              "Environment": "staging",
              "ManagedBy": "Terraform",
              "Name": "apartment-pipeline-daily-predictions-staging-logs",
              "Owner": "MLOps Team",
              "Project": "apartment-pipeline"
            }
          },
          "sensitive_attributes": [],
          "identity_schema_version": 0,
          "private": "bnVsbA=="
        }
      ]
    },
    {
      "module": "module.lambda_daily",
      "mode": "managed",
      "type": "aws_iam_policy",
      "name": "lambda_custom_policy",
      "provider": "provider[\"registry.terraform.io/hashicorp/aws\"]",
      "instances": [
        {
          "schema_version": 0,
          "attributes": {
            "arn": "arn:aws:iam::231917356461:policy/apartment-pipeline-daily-predictions-staging-policy",
            "attachment_count": 0,
            "description": "Custom policy for apartment-pipeline-daily-predictions-staging",
            "id": "arn:aws:iam::231917356461:policy/apartment-pipeline-daily-predictions-staging-policy",
            "name": "apartment-pipeline-daily-predictions-staging-policy",
            "name_prefix": "",
            "path": "/",
            "policy": "{\"Statement\":[{\"Action\":[\"s3:GetObject\",\"s3:PutObject\",\"s3:ListBucket\",\"s3:DeleteObject\"],\"Effect\":\"Allow\",\"Resource\":[\"arn:aws:s3:::apartment-pipeline-mlflow-staging-231917356461/*\",\"arn:aws:s3:::apartment-pipeline-mlflow-staging-231917356461\",\"arn:aws:s3:::apartment-pipeline-training-staging-231917356461/*\",\"arn:aws:s3:::apartment-pipeline-training-staging-231917356461\"]},{\"Action\":[\"ses:SendEmail\",\"ses:SendRawEmail\"],\"Effect\":\"Allow\",\"Resource\":\"*\"},{\"Action\":[\"secretsmanager:GetSecretValue\"],\"Effect\":\"Allow\",\"Resource\":\"arn:aws:secretsmanager:us-east-1:231917356461:secret:apartment-pipeline-api-keys-staging-bT52Dn\"},{\"Action\":[\"cloudwatch:PutMetricData\"],\"Condition\":{\"StringEquals\":{\"cloudwatch:namespace\":\"ApartmentPipeline\"}},\"Effect\":\"Allow\",\"Resource\":\"*\"}],\"Version\":\"2012-10-17\"}",
            "policy_id": "ANPATL722AWW6CDNJVWD4",
            "tags": null,
            "tags_all": {
              "Environment": "staging",
              "ManagedBy": "Terraform",
              "Owner": "MLOps Team",
              "Project": "apartment-pipeline"
            }
          },
          "sensitive_attributes": [],
          "identity_schema_version": 0,
          "private": "bnVsbA==",
          "dependencies": [
            "aws_secretsmanager_secret.api_keys",
            "data.aws_caller_identity.current",
            "module.mlflow_bucket.aws_s3_bucket.bucket",
            "module.training_bucket.aws_s3_bucket.bucket"
          ]
        }
      ]
    },
    {
      "module": "module.lambda_daily",
      "mode": "managed",
      "type": "aws_iam_role",
      "name": "lambda_role",
      "provider": "provider[\"registry.terraform.io/hashicorp/aws\"]",
      "instances": [
        {
          "schema_version": 0,
          "attributes": {
            "arn": "arn:aws:iam::231917356461:role/apartment-pipeline-daily-predictions-staging-role",
            "assume_role_policy": "{\"Statement\":[{\"Action\":\"sts:AssumeRole\",\"Effect\":\"Allow\",\"Principal\":{\"Service\":\"lambda.amazonaws.com\"}}],\"Version\":\"2012-10-17\"}",
            "create_date": "2025-12-29T20:32:14Z",
            "description": "",
            "force_detach_policies": false,
            "id": "apartment-pipeline-daily-predictions-staging-role",
            "inline_policy": [],
            "managed_policy_arns": [],
            "max_session_duration": 3600,
            "name": "apartment-pipeline-daily-predictions-staging-role",
            "name_prefix": "",
            "path": "/",
            "permissions_boundary": "",
            "tags": {
              "Environment": "staging",
              "ManagedBy": "Terraform",
              "Name": "apartment-pipeline-daily-predictions-staging-role",
              "Project": "apartment-pipeline"
            },
            "tags_all": {
              "Environment": "staging",
              "ManagedBy": "Terraform",
              "Name": "apartment-pipeline-daily-predictions-staging-role",
              "Owner": "MLOps Team",
              "Project": "apartment-pipeline"
            },
            "unique_id": "AROATL722AWWR5Z6AJAKH"
          },
          "sensitive_attributes": [],
          "identity_schema_version": 0,
          "private": "bnVsbA=="
        }
      ]
    },
    {
      "module": "module.lambda_daily",
      "mode": "managed",
      "type": "aws_iam_role_policy_attachment",
      "name": "lambda_basic",
      "provider": "provider[\"registry.terraform.io/hashicorp/aws\"]",
      "instances": [
        {
          "schema_version": 0,
          "attributes": {
            "id": "apartment-pipeline-daily-predictions-staging-role-20251229203216245500000003",
            "policy_arn": "arn:aws:iam::aws:policy/service-role/AWSLambdaBasicExecutionRole",
            "role": "apartment-pipeline-daily-predictions-staging-role"
          },
          "sensitive_attributes": [],
          "identity_schema_version": 0,
          "private": "bnVsbA==",
          "dependencies": [
            "module.lambda_daily.aws_iam_role.lambda_role"
          ]
        }
      ]
    },
    {
      "module": "module.lambda_daily",
      "mode": "managed",
      "type": "aws_iam_role_policy_attachment",
      "name": "lambda_custom",
      "provider": "provider[\"registry.terraform.io/hashicorp/aws\"]",
      "instances": [
        {
          "schema_version": 0,
          "attributes": {
            "id": "apartment-pipeline-daily-predictions-staging-role-20251229203219905000000005",
            "policy_arn": "arn:aws:iam::231917356461:policy/apartment-pipeline-daily-predictions-staging-policy",
            "role": "apartment-pipeline-daily-predictions-staging-role"
          },
          "sensitive_attributes": [],
          "identity_schema_version": 0,
          "private": "bnVsbA==",
          "dependencies": [
            "aws_secretsmanager_secret.api_keys",
            "data.aws_caller_identity.current",
            "module.lambda_daily.aws_iam_policy.lambda_custom_policy",
            "module.lambda_daily.aws_iam_role.lambda_role",
            "module.mlflow_bucket.aws_s3_bucket.bucket",
            "module.training_bucket.aws_s3_bucket.bucket"
          ]
        }
      ]
    },
    {
      "module": "module.lambda_weekly",
      "mode": "managed",
      "type": "aws_cloudwatch_log_group",
      "name": "lambda_logs",
      "provider": "provider[\"registry.terraform.io/hashicorp/aws\"]",
      "instances": [
        {
          "schema_version": 0,
          "attributes": {
            "arn": "arn:aws:logs:us-east-1:231917356461:log-group:/aws/lambda/apartment-pipeline-weekly-training-staging",
            "id": "/aws/lambda/apartment-pipeline-weekly-training-staging",
            "kms_key_id": "",
            "log_group_class": "STANDARD",
            "name": "/aws/lambda/apartment-pipeline-weekly-training-staging",
            "name_prefix": "",
            "retention_in_days": 30,
            "skip_destroy": false,
            "tags": {
              "Environment": "staging",
              "Name": "apartment-pipeline-weekly-training-staging-logs",
              "Project": "apartment-pipeline"
            },
            "tags_all": {
              "Environment": "staging",
              "ManagedBy": "Terraform",
              "Name": "apartment-pipeline-weekly-training-staging-logs",
              "Owner": "MLOps Team",
              "Project": "apartment-pipeline"
            }
          },
          "sensitive_attributes": [],
          "identity_schema_version": 0,
          "private": "bnVsbA=="
        }
      ]
    },
    {
      "module": "module.lambda_weekly",
      "mode": "managed",
      "type": "aws_iam_policy",
      "name": "lambda_custom_policy",
      "provider": "provider[\"registry.terraform.io/hashicorp/aws\"]",
      "instances": [
        {
          "schema_version": 0,
          "attributes": {
            "arn": "arn:aws:iam::231917356461:policy/apartment-pipeline-weekly-training-staging-policy",
            "attachment_count": 0,
            "description": "Custom policy for apartment-pipeline-weekly-training-staging",
            "id": "arn:aws:iam::231917356461:policy/apartment-pipeline-weekly-training-staging-policy",
            "name": "apartment-pipeline-weekly-training-staging-policy",
            "name_prefix": "",
            "path": "/",
            "policy": "{\"Statement\":[{\"Action\":[\"s3:GetObject\",\"s3:PutObject\",\"s3:ListBucket\",\"s3:DeleteObject\"],\"Effect\":\"Allow\",\"Resource\":[\"arn:aws:s3:::apartment-pipeline-mlflow-staging-231917356461/*\",\"arn:aws:s3:::apartment-pipeline-mlflow-staging-231917356461\",\"arn:aws:s3:::apartment-pipeline-training-staging-231917356461/*\",\"arn:aws:s3:::apartment-pipeline-training-staging-231917356461\"]},{\"Action\":[\"ses:SendEmail\",\"ses:SendRawEmail\"],\"Effect\":\"Allow\",\"Resource\":\"*\"},{\"Action\":[\"secretsmanager:GetSecretValue\"],\"Effect\":\"Allow\",\"Resource\":\"arn:aws:secretsmanager:us-east-1:231917356461:secret:apartment-pipeline-api-keys-staging-bT52Dn\"},{\"Action\":[\"cloudwatch:PutMetricData\"],\"Condition\":{\"StringEquals\":{\"cloudwatch:namespace\":\"ApartmentPipeline\"}},\"Effect\":\"Allow\",\"Resource\":\"*\"}],\"Version\":\"2012-10-17\"}",
            "policy_id": "ANPATL722AWWXTDHX4LAH",
            "tags": null,
            "tags_all": {
              "Environment": "staging",
              "ManagedBy": "Terraform",
              "Owner": "MLOps Team",
              "Project": "apartment-pipeline"
            }
          },
          "sensitive_attributes": [],
          "identity_schema_version": 0,
          "private": "bnVsbA==",
          "dependencies": [
            "aws_secretsmanager_secret.api_keys",
            "data.aws_caller_identity.current",
            "module.mlflow_bucket.aws_s3_bucket.bucket",
            "module.training_bucket.aws_s3_bucket.bucket"
          ]
        }
      ]
    },
    {
      "module": "module.lambda_weekly",
      "mode": "managed",
      "type": "aws_iam_role",
      "name": "lambda_role",
      "provider": "provider[\"registry.terraform.io/hashicorp/aws\"]",
      "instances": [
        {
          "schema_version": 0,
          "attributes": {
            "arn": "arn:aws:iam::231917356461:role/apartment-pipeline-weekly-training-staging-role",
            "assume_role_policy": "{\"Statement\":[{\"Action\":\"sts:AssumeRole\",\"Effect\":\"Allow\",\"Principal\":{\"Service\":\"lambda.amazonaws.com\"}}],\"Version\":\"2012-10-17\"}",
            "create_date": "2025-12-29T20:32:14Z",
            "description": "",
            "force_detach_policies": false,
            "id": "apartment-pipeline-weekly-training-staging-role",
            "inline_policy": [],
            "managed_policy_arns": [],
            "max_session_duration": 3600,
            "name": "apartment-pipeline-weekly-training-staging-role",
            "name_prefix": "",
            "path": "/",
            "permissions_boundary": "",
            "tags": {
              "Environment": "staging",
              "ManagedBy": "Terraform",
              "Name": "apartment-pipeline-weekly-training-staging-role",
              "Project": "apartment-pipeline"
            },
            "tags_all": {
              "Environment": "staging",
              "ManagedBy": "Terraform",
              "Name": "apartment-pipeline-weekly-training-staging-role",
              "Owner": "MLOps Team",
              "Project": "apartment-pipeline"
            },
            "unique_id": "AROATL722AWWTGMVGT3IH"
          },
          "sensitive_attributes": [],
          "identity_schema_version": 0,
          "private": "bnVsbA=="
        }
      ]
    },
    {
      "module": "module.lambda_weekly",
      "mode": "managed",
      "type": "aws_iam_role_policy_attachment",
      "name": "lambda_basic",
      "provider": "provider[\"registry.terraform.io/hashicorp/aws\"]",
      "instances": [
        {
          "schema_version": 0,
          "attributes": {
            "id": "apartment-pipeline-weekly-training-staging-role-20251229203216194400000002",
            "policy_arn": "arn:aws:iam::aws:policy/service-role/AWSLambdaBasicExecutionRole",
            "role": "apartment-pipeline-weekly-training-staging-role"
          },
          "sensitive_attributes": [],
          "identity_schema_version": 0,
          "private": "bnVsbA==",
          "dependencies": [
            "module.lambda_weekly.aws_iam_role.lambda_role"
          ]
        }
      ]
    },
    {
      "module": "module.lambda_weekly",
      "mode": "managed",
      "type": "aws_iam_role_policy_attachment",
      "name": "lambda_custom",
      "provider": "provider[\"registry.terraform.io/hashicorp/aws\"]",
      "instances": [
        {
          "schema_version": 0,
          "attributes": {
            "id": "apartment-pipeline-weekly-training-staging-role-20251229203219868500000004",
            "policy_arn": "arn:aws:iam::231917356461:policy/apartment-pipeline-weekly-training-staging-policy",
            "role": "apartment-pipeline-weekly-training-staging-role"
          },
          "sensitive_attributes": [],
          "identity_schema_version": 0,
          "private": "bnVsbA==",
          "dependencies": [
            "aws_secretsmanager_secret.api_keys",
            "data.aws_caller_identity.current",
            "module.lambda_weekly.aws_iam_policy.lambda_custom_policy",
            "module.lambda_weekly.aws_iam_role.lambda_role",
            "module.mlflow_bucket.aws_s3_bucket.bucket",
            "module.training_bucket.aws_s3_bucket.bucket"
          ]
        }
      ]
    },
    {
      "module": "module.mlflow_bucket",
      "mode": "managed",
      "type": "aws_s3_bucket",
      "name": "bucket",
      "provider": "provider[\"registry.terraform.io/hashicorp/aws\"]",
      "instances": [
        {
          "schema_version": 0,
          "attributes": {
            "acceleration_status": "",
            "acl": null,
            "arn": "arn:aws:s3:::apartment-pipeline-mlflow-staging-231917356461",
            "bucket": "apartment-pipeline-mlflow-staging-231917356461",
            "bucket_domain_name": "apartment-pipeline-mlflow-staging-231917356461.s3.amazonaws.com",
            "bucket_prefix": "",
            "bucket_regional_domain_name": "apartment-pipeline-mlflow-staging-231917356461.s3.us-east-1.amazonaws.com",
            "cors_rule": [],
            "force_destroy": false,
            "grant": [
              {
                "id": "0fef73ca6985d09c04a2021cddecfff5e3e7e92f11feb00984e7054d2c6d1104",
                "permissions": [
                  "FULL_CONTROL"
                ],
                "type": "CanonicalUser",
                "uri": ""
              }
            ],
            "hosted_zone_id": "Z3AQBSTGFYJSTF",
            "id": "apartment-pipeline-mlflow-staging-231917356461",
            "lifecycle_rule": [],
            "logging": [],
            "object_lock_configuration": [],
            "object_lock_enabled": false,
            "policy": "",
            "region": "us-east-1",
            "replication_configuration": [],
            "request_payer": "BucketOwner",
            "server_side_encryption_configuration": [
              {
                "rule": [
                  {
                    "apply_server_side_encryption_by_default": [
                      {
                        "kms_master_key_id": "",
                        "sse_algorithm": "AES256"
                      }
                    ],
                    "bucket_key_enabled": false
                  }
                ]
              }
            ],
            "tags": {
              "Environment": "staging",
              "ManagedBy": "Terraform",
              "Name": "apartment-pipeline-mlflow-staging-231917356461",
              "Project": "apartment-pipeline",
              "Purpose": "MLflow Artifacts"
            },
            "tags_all": {
              "Environment": "staging",
              "ManagedBy": "Terraform",
              "Name": "apartment-pipeline-mlflow-staging-231917356461",
              "Owner": "MLOps Team",
              "Project": "apartment-pipeline",
              "Purpose": "MLflow Artifacts"
            },
            "timeouts": null,
            "versioning": [
              {
                "enabled": false,
                "mfa_delete": false
              }
            ],
            "website": [],
            "website_domain": null,
            "website_endpoint": null
          },
          "sensitive_attributes": [],
          "identity_schema_version": 0,
          "private": "eyJlMmJmYjczMC1lY2FhLTExZTYtOGY4OC0zNDM2M2JjN2M0YzAiOnsiY3JlYXRlIjoxMjAwMDAwMDAwMDAwLCJkZWxldGUiOjM2MDAwMDAwMDAwMDAsInJlYWQiOjEyMDAwMDAwMDAwMDAsInVwZGF0ZSI6MTIwMDAwMDAwMDAwMH19",
          "dependencies": [
            "data.aws_caller_identity.current"
          ]
        }
      ]
    },
    {
      "module": "module.mlflow_bucket",
      "mode": "managed",
      "type": "aws_s3_bucket_cors_configuration",
      "name": "bucket_cors",
      "provider": "provider[\"registry.terraform.io/hashicorp/aws\"]",
      "instances": []
    },
    {
      "module": "module.mlflow_bucket",
      "mode": "managed",
      "type": "aws_s3_bucket_lifecycle_configuration",
      "name": "bucket_lifecycle",
      "provider": "provider[\"registry.terraform.io/hashicorp/aws\"]",
      "instances": [
        {
          "index_key": 0,
          "schema_version": 1,
          "attributes": {
            "bucket": "apartment-pipeline-mlflow-staging-231917356461",
            "expected_bucket_owner": "",
            "id": "apartment-pipeline-mlflow-staging-231917356461",
            "rule": [
              {
                "abort_incomplete_multipart_upload": [],
                "expiration": [],
                "filter": [
                  {
                    "and": [],
                    "object_size_greater_than": null,
                    "object_size_less_than": null,
                    "prefix": "models/",
                    "tag": []
                  }
                ],
                "id": "archive-old-models",
                "noncurrent_version_expiration": [],
                "noncurrent_version_transition": [],
                "prefix": "",
                "status": "Enabled",
                "transition": [
                  {
                    "date": null,
                    "days": 180,
                    "storage_class": "GLACIER"
                  },
                  {
                    "date": null,
                    "days": 90,
                    "storage_class": "STANDARD_IA"
                  }
                ]
              }
            ],
            "timeouts": null,
            "transition_default_minimum_object_size": "all_storage_classes_128K"
          },
          "sensitive_attributes": [],
          "identity_schema_version": 0,
          "dependencies": [
            "data.aws_caller_identity.current",
            "module.mlflow_bucket.aws_s3_bucket.bucket"
          ]
        }
      ]
    },
    {
      "module": "module.mlflow_bucket",
      "mode": "managed",
      "type": "aws_s3_bucket_metric",
      "name": "bucket_metrics",
      "provider": "provider[\"registry.terraform.io/hashicorp/aws\"]",
      "instances": [
        {
          "schema_version": 0,
          "attributes": {
            "bucket": "apartment-pipeline-mlflow-staging-231917356461",
            "filter": [],
            "id": "apartment-pipeline-mlflow-staging-231917356461:EntireBucket",
            "name": "EntireBucket"
          },
          "sensitive_attributes": [],
          "identity_schema_version": 0,
          "private": "bnVsbA==",
          "dependencies": [
            "data.aws_caller_identity.current",
            "module.mlflow_bucket.aws_s3_bucket.bucket"
          ]
        }
      ]
    },
    {
      "module": "module.mlflow_bucket",
      "mode": "managed",
      "type": "aws_s3_bucket_notification",
      "name": "bucket_notification",
      "provider": "provider[\"registry.terraform.io/hashicorp/aws\"]",
      "instances": []
    },
    {
      "module": "module.mlflow_bucket",
      "mode": "managed",
      "type": "aws_s3_bucket_policy",
      "name": "bucket_policy",
      "provider": "provider[\"registry.terraform.io/hashicorp/aws\"]",
      "instances": []
    },
    {
      "module": "module.mlflow_bucket",
      "mode": "managed",
      "type": "aws_s3_bucket_public_access_block",
      "name": "bucket_pab",
      "provider": "provider[\"registry.terraform.io/hashicorp/aws\"]",
      "instances": [
        {
          "schema_version": 0,
          "attributes": {
            "block_public_acls": true,
            "block_public_policy": true,
            "bucket": "apartment-pipeline-mlflow-staging-231917356461",
            "id": "apartment-pipeline-mlflow-staging-231917356461",
            "ignore_public_acls": true,
            "restrict_public_buckets": true
          },
          "sensitive_attributes": [],
          "identity_schema_version": 0,
          "private": "bnVsbA==",
          "dependencies": [
            "data.aws_caller_identity.current",
            "module.mlflow_bucket.aws_s3_bucket.bucket"
          ]
        }
      ]
    },
    {
      "module": "module.mlflow_bucket",
      "mode": "managed",
      "type": "aws_s3_bucket_server_side_encryption_configuration",
      "name": "bucket_encryption",
      "provider": "provider[\"registry.terraform.io/hashicorp/aws\"]",
      "instances": [
        {
          "schema_version": 0,
          "attributes": {
            "bucket": "apartment-pipeline-mlflow-staging-231917356461",
            "expected_bucket_owner": "",
            "id": "apartment-pipeline-mlflow-staging-231917356461",
            "rule": [
              {
                "apply_server_side_encryption_by_default": [
                  {
                    "kms_master_key_id": "",
                    "sse_algorithm": "aws:kms"
                  }
                ],
                "bucket_key_enabled": true
              }
            ]
          },
          "sensitive_attributes": [],
          "identity_schema_version": 0,
          "private": "bnVsbA==",
          "dependencies": [
            "data.aws_caller_identity.current",
            "module.mlflow_bucket.aws_s3_bucket.bucket"
          ]
        }
      ]
    },
    {
      "module": "module.mlflow_bucket",
      "mode": "managed",
      "type": "aws_s3_bucket_versioning",
      "name": "bucket_versioning",
      "provider": "provider[\"registry.terraform.io/hashicorp/aws\"]",
      "instances": [
        {
          "schema_version": 0,
          "attributes": {
            "bucket": "apartment-pipeline-mlflow-staging-231917356461",
            "expected_bucket_owner": "",
            "id": "apartment-pipeline-mlflow-staging-231917356461",
            "mfa": null,
            "versioning_configuration": [
              {
                "mfa_delete": "",
                "status": "Enabled"
              }
            ]
          },
          "sensitive_attributes": [],
          "identity_schema_version": 0,
          "private": "bnVsbA==",
          "dependencies": [
            "data.aws_caller_identity.current",
            "module.mlflow_bucket.aws_s3_bucket.bucket"
          ]
        }
      ]
    },
    {
      "module": "module.predictions_bucket",
      "mode": "managed",
      "type": "aws_s3_bucket",
      "name": "bucket",
      "provider": "provider[\"registry.terraform.io/hashicorp/aws\"]",
      "instances": [
        {
          "schema_version": 0,
          "attributes": {
            "acceleration_status": "",
            "acl": null,
            "arn": "arn:aws:s3:::apartment-pipeline-predictions-staging-231917356461",
            "bucket": "apartment-pipeline-predictions-staging-231917356461",
            "bucket_domain_name": "apartment-pipeline-predictions-staging-231917356461.s3.amazonaws.com",
            "bucket_prefix": "",
            "bucket_regional_domain_name": "apartment-pipeline-predictions-staging-231917356461.s3.us-east-1.amazonaws.com",
            "cors_rule": [],
            "force_destroy": false,
            "grant": [
              {
                "id": "0fef73ca6985d09c04a2021cddecfff5e3e7e92f11feb00984e7054d2c6d1104",
                "permissions": [
                  "FULL_CONTROL"
                ],
                "type": "CanonicalUser",
                "uri": ""
              }
            ],
            "hosted_zone_id": "Z3AQBSTGFYJSTF",
            "id": "apartment-pipeline-predictions-staging-231917356461",
            "lifecycle_rule": [],
            "logging": [],
            "object_lock_configuration": [],
            "object_lock_enabled": false,
            "policy": "",
            "region": "us-east-1",
            "replication_configuration": [],
            "request_payer": "BucketOwner",
            "server_side_encryption_configuration": [
              {
                "rule": [
                  {
                    "apply_server_side_encryption_by_default": [
                      {
                        "kms_master_key_id": "",
                        "sse_algorithm": "AES256"
                      }
                    ],
                    "bucket_key_enabled": false
                  }
                ]
              }
            ],
            "tags": {
              "Environment": "staging",
              "ManagedBy": "Terraform",
              "Name": "apartment-pipeline-predictions-staging-231917356461",
              "Project": "apartment-pipeline",
              "Purpose": "Daily Predictions"
            },
            "tags_all": {
              "Environment": "staging",
              "ManagedBy": "Terraform",
              "Name": "apartment-pipeline-predictions-staging-231917356461",
              "Owner": "MLOps Team",
              "Project": "apartment-pipeline",
              "Purpose": "Daily Predictions"
            },
            "timeouts": null,
            "versioning": [
              {
                "enabled": false,
                "mfa_delete": false
              }
            ],
            "website": [],
            "website_domain": null,
            "website_endpoint": null
          },
          "sensitive_attributes": [],
          "identity_schema_version": 0,
          "private": "eyJlMmJmYjczMC1lY2FhLTExZTYtOGY4OC0zNDM2M2JjN2M0YzAiOnsiY3JlYXRlIjoxMjAwMDAwMDAwMDAwLCJkZWxldGUiOjM2MDAwMDAwMDAwMDAsInJlYWQiOjEyMDAwMDAwMDAwMDAsInVwZGF0ZSI6MTIwMDAwMDAwMDAwMH19",
          "dependencies": [
            "data.aws_caller_identity.current"
          ]
        }
      ]
    },
    {
      "module": "module.predictions_bucket",
      "mode": "managed",
      "type": "aws_s3_bucket_cors_configuration",
      "name": "bucket_cors",
      "provider": "provider[\"registry.terraform.io/hashicorp/aws\"]",
      "instances": []
    },
    {
      "module": "module.predictions_bucket",
      "mode": "managed",
      "type": "aws_s3_bucket_lifecycle_configuration",
      "name": "bucket_lifecycle",
      "provider": "provider[\"registry.terraform.io/hashicorp/aws\"]",
      "instances": [
        {
          "index_key": 0,
          "schema_version": 1,
          "attributes": {
            "bucket": "apartment-pipeline-predictions-staging-231917356461",
            "expected_bucket_owner": "",
            "id": "apartment-pipeline-predictions-staging-231917356461",
            "rule": [
              {
                "abort_incomplete_multipart_upload": [],
                "expiration": [
                  {
                    "date": null,
                    "days": 30,
                    "expired_object_delete_marker": false
                  }
                ],
                "filter": [],
                "id": "expire-old-predictions",
                "noncurrent_version_expiration": [],
                "noncurrent_version_transition": [],
                "prefix": "",
                "status": "Enabled",
                "transition": []
              }
            ],
            "timeouts": null,
            "transition_default_minimum_object_size": "all_storage_classes_128K"
          },
          "sensitive_attributes": [],
          "identity_schema_version": 0,
          "dependencies": [
            "data.aws_caller_identity.current",
            "module.predictions_bucket.aws_s3_bucket.bucket"
          ]
        }
      ]
    },
    {
      "module": "module.predictions_bucket",
      "mode": "managed",
      "type": "aws_s3_bucket_metric",
      "name": "bucket_metrics",
      "provider": "provider[\"registry.terraform.io/hashicorp/aws\"]",
      "instances": [
        {
          "schema_version": 0,
          "attributes": {
            "bucket": "apartment-pipeline-predictions-staging-231917356461",
            "filter": [],
            "id": "apartment-pipeline-predictions-staging-231917356461:EntireBucket",
            "name": "EntireBucket"
          },
          "sensitive_attributes": [],
          "identity_schema_version": 0,
          "private": "bnVsbA==",
          "dependencies": [
            "data.aws_caller_identity.current",
            "module.predictions_bucket.aws_s3_bucket.bucket"
          ]
        }
      ]
    },
    {
      "module": "module.predictions_bucket",
      "mode": "managed",
      "type": "aws_s3_bucket_notification",
      "name": "bucket_notification",
      "provider": "provider[\"registry.terraform.io/hashicorp/aws\"]",
      "instances": []
    },
    {
      "module": "module.predictions_bucket",
      "mode": "managed",
      "type": "aws_s3_bucket_policy",
      "name": "bucket_policy",
      "provider": "provider[\"registry.terraform.io/hashicorp/aws\"]",
      "instances": []
    },
    {
      "module": "module.predictions_bucket",
      "mode": "managed",
      "type": "aws_s3_bucket_public_access_block",
      "name": "bucket_pab",
      "provider": "provider[\"registry.terraform.io/hashicorp/aws\"]",
      "instances": [
        {
          "schema_version": 0,
          "attributes": {
            "block_public_acls": true,
            "block_public_policy": true,
            "bucket": "apartment-pipeline-predictions-staging-231917356461",
            "id": "apartment-pipeline-predictions-staging-231917356461",
            "ignore_public_acls": true,
            "restrict_public_buckets": true
          },
          "sensitive_attributes": [],
          "identity_schema_version": 0,
          "private": "bnVsbA==",
          "dependencies": [
            "data.aws_caller_identity.current",
            "module.predictions_bucket.aws_s3_bucket.bucket"
          ]
        }
      ]
    },
    {
      "module": "module.predictions_bucket",
      "mode": "managed",
      "type": "aws_s3_bucket_server_side_encryption_configuration",
      "name": "bucket_encryption",
      "provider": "provider[\"registry.terraform.io/hashicorp/aws\"]",
      "instances": [
        {
          "schema_version": 0,
          "attributes": {
            "bucket": "apartment-pipeline-predictions-staging-231917356461",
            "expected_bucket_owner": "",
            "id": "apartment-pipeline-predictions-staging-231917356461",
            "rule": [
              {
                "apply_server_side_encryption_by_default": [
                  {
                    "kms_master_key_id": "",
                    "sse_algorithm": "aws:kms"
                  }
                ],
                "bucket_key_enabled": true
              }
            ]
          },
          "sensitive_attributes": [],
          "identity_schema_version": 0,
          "private": "bnVsbA==",
          "dependencies": [
            "data.aws_caller_identity.current",
            "module.predictions_bucket.aws_s3_bucket.bucket"
          ]
        }
      ]
    },
    {
      "module": "module.predictions_bucket",
      "mode": "managed",
      "type": "aws_s3_bucket_versioning",
      "name": "bucket_versioning",
      "provider": "provider[\"registry.terraform.io/hashicorp/aws\"]",
      "instances": [
        {
          "schema_version": 0,
          "attributes": {
            "bucket": "apartment-pipeline-predictions-staging-231917356461",
            "expected_bucket_owner": "",
            "id": "apartment-pipeline-predictions-staging-231917356461",
            "mfa": null,
            "versioning_configuration": [
              {
                "mfa_delete": "",
                "status": "Disabled"
              }
            ]
          },
          "sensitive_attributes": [],
          "identity_schema_version": 0,
          "private": "bnVsbA==",
          "dependencies": [
            "data.aws_caller_identity.current",
            "module.predictions_bucket.aws_s3_bucket.bucket"
          ]
        }
      ]
    },
    {
      "module": "module.training_bucket",
      "mode": "managed",
      "type": "aws_s3_bucket",
      "name": "bucket",
      "provider": "provider[\"registry.terraform.io/hashicorp/aws\"]",
      "instances": [
        {
          "schema_version": 0,
          "attributes": {
            "acceleration_status": "",
            "acl": null,
            "arn": "arn:aws:s3:::apartment-pipeline-training-staging-231917356461",
            "bucket": "apartment-pipeline-training-staging-231917356461",
            "bucket_domain_name": "apartment-pipeline-training-staging-231917356461.s3.amazonaws.com",
            "bucket_prefix": "",
            "bucket_regional_domain_name": "apartment-pipeline-training-staging-231917356461.s3.us-east-1.amazonaws.com",
            "cors_rule": [],
            "force_destroy": false,
            "grant": [
              {
                "id": "0fef73ca6985d09c04a2021cddecfff5e3e7e92f11feb00984e7054d2c6d1104",
                "permissions": [
                  "FULL_CONTROL"
                ],
                "type": "CanonicalUser",
                "uri": ""
              }
            ],
            "hosted_zone_id": "Z3AQBSTGFYJSTF",
            "id": "apartment-pipeline-training-staging-231917356461",
            "lifecycle_rule": [],
            "logging": [],
            "object_lock_configuration": [],
            "object_lock_enabled": false,
            "policy": "",
            "region": "us-east-1",
            "replication_configuration": [],
            "request_payer": "BucketOwner",
            "server_side_encryption_configuration": [
              {
                "rule": [
                  {
                    "apply_server_side_encryption_by_default": [
                      {
                        "kms_master_key_id": "",
                        "sse_algorithm": "AES256"
                      }
                    ],
                    "bucket_key_enabled": false
                  }
                ]
              }
            ],
            "tags": {
              "Environment": "staging",
              "ManagedBy": "Terraform",
              "Name": "apartment-pipeline-training-staging-231917356461",
              "Project": "apartment-pipeline",
              "Purpose": "Training Data"
            },
            "tags_all": {
              "Environment": "staging",
              "ManagedBy": "Terraform",
              "Name": "apartment-pipeline-training-staging-231917356461",
              "Owner": "MLOps Team",
              "Project": "apartment-pipeline",
              "Purpose": "Training Data"
            },
            "timeouts": null,
            "versioning": [
              {
                "enabled": false,
                "mfa_delete": false
              }
            ],
            "website": [],
            "website_domain": null,
            "website_endpoint": null
          },
          "sensitive_attributes": [],
          "identity_schema_version": 0,
          "private": "eyJlMmJmYjczMC1lY2FhLTExZTYtOGY4OC0zNDM2M2JjN2M0YzAiOnsiY3JlYXRlIjoxMjAwMDAwMDAwMDAwLCJkZWxldGUiOjM2MDAwMDAwMDAwMDAsInJlYWQiOjEyMDAwMDAwMDAwMDAsInVwZGF0ZSI6MTIwMDAwMDAwMDAwMH19",
          "dependencies": [
            "data.aws_caller_identity.current"
          ]
        }
      ]
    },
    {
      "module": "module.training_bucket",
      "mode": "managed",
      "type": "aws_s3_bucket_cors_configuration",
      "name": "bucket_cors",
      "provider": "provider[\"registry.terraform.io/hashicorp/aws\"]",
      "instances": []
    },
    {
      "module": "module.training_bucket",
      "mode": "managed",
      "type": "aws_s3_bucket_lifecycle_configuration",
      "name": "bucket_lifecycle",
      "provider": "provider[\"registry.terraform.io/hashicorp/aws\"]",
      "instances": [
        {
          "index_key": 0,
          "schema_version": 1,
          "attributes": {
            "bucket": "apartment-pipeline-training-staging-231917356461",
            "expected_bucket_owner": "",
            "id": "apartment-pipeline-training-staging-231917356461",
            "rule": [
              {
                "abort_incomplete_multipart_upload": [],
                "expiration": [
                  {
                    "date": null,
                    "days": 90,
                    "expired_object_delete_marker": false
                  }
                ],
                "filter": [
                  {
                    "and": [],
                    "object_size_greater_than": null,
                    "object_size_less_than": null,
                    "prefix": "daily/",
                    "tag": []
                  }
                ],
                "id": "expire-old-daily-data",
                "noncurrent_version_expiration": [],
                "noncurrent_version_transition": [],
                "prefix": "",
                "status": "Enabled",
                "transition": []
              }
            ],
            "timeouts": null,
            "transition_default_minimum_object_size": "all_storage_classes_128K"
          },
          "sensitive_attributes": [],
          "identity_schema_version": 0,
          "dependencies": [
            "data.aws_caller_identity.current",
            "module.training_bucket.aws_s3_bucket.bucket"
          ]
        }
      ]
    },
    {
      "module": "module.training_bucket",
      "mode": "managed",
      "type": "aws_s3_bucket_metric",
      "name": "bucket_metrics",
      "provider": "provider[\"registry.terraform.io/hashicorp/aws\"]",
      "instances": [
        {
          "schema_version": 0,
          "attributes": {
            "bucket": "apartment-pipeline-training-staging-231917356461",
            "filter": [],
            "id": "apartment-pipeline-training-staging-231917356461:EntireBucket",
            "name": "EntireBucket"
          },
          "sensitive_attributes": [],
          "identity_schema_version": 0,
          "private": "bnVsbA==",
          "dependencies": [
            "data.aws_caller_identity.current",
            "module.training_bucket.aws_s3_bucket.bucket"
          ]
        }
      ]
    },
    {
      "module": "module.training_bucket",
      "mode": "managed",
      "type": "aws_s3_bucket_notification",
      "name": "bucket_notification",
      "provider": "provider[\"registry.terraform.io/hashicorp/aws\"]",
      "instances": []
    },
    {
      "module": "module.training_bucket",
      "mode": "managed",
      "type": "aws_s3_bucket_policy",
      "name": "bucket_policy",
      "provider": "provider[\"registry.terraform.io/hashicorp/aws\"]",
      "instances": []
    },
    {
      "module": "module.training_bucket",
      "mode": "managed",
      "type": "aws_s3_bucket_public_access_block",
      "name": "bucket_pab",
      "provider": "provider[\"registry.terraform.io/hashicorp/aws\"]",
      "instances": [
        {
          "schema_version": 0,
          "attributes": {
            "block_public_acls": true,
            "block_public_policy": true,
            "bucket": "apartment-pipeline-training-staging-231917356461",
            "id": "apartment-pipeline-training-staging-231917356461",
            "ignore_public_acls": true,
            "restrict_public_buckets": true
          },
          "sensitive_attributes": [],
          "identity_schema_version": 0,
          "private": "bnVsbA==",
          "dependencies": [
            "data.aws_caller_identity.current",
            "module.training_bucket.aws_s3_bucket.bucket"
          ]
        }
      ]
    },
    {
      "module": "module.training_bucket",
      "mode": "managed",
      "type": "aws_s3_bucket_server_side_encryption_configuration",
      "name": "bucket_encryption",
      "provider": "provider[\"registry.terraform.io/hashicorp/aws\"]",
      "instances": [
        {
          "schema_version": 0,
          "attributes": {
            "bucket": "apartment-pipeline-training-staging-231917356461",
            "expected_bucket_owner": "",
            "id": "apartment-pipeline-training-staging-231917356461",
            "rule": [
              {
                "apply_server_side_encryption_by_default": [
                  {
                    "kms_master_key_id": "",
                    "sse_algorithm": "aws:kms"
                  }
                ],
                "bucket_key_enabled": true
              }
            ]
          },
          "sensitive_attributes": [],
          "identity_schema_version": 0,
          "private": "bnVsbA==",
          "dependencies": [
            "data.aws_caller_identity.current",
            "module.training_bucket.aws_s3_bucket.bucket"
          ]
        }
      ]
    },
    {
      "module": "module.training_bucket",
      "mode": "managed",
      "type": "aws_s3_bucket_versioning",
      "name": "bucket_versioning",
      "provider": "provider[\"registry.terraform.io/hashicorp/aws\"]",
      "instances": [
        {
          "schema_version": 0,
          "attributes": {
            "bucket": "apartment-pipeline-training-staging-231917356461",
            "expected_bucket_owner": "",
            "id": "apartment-pipeline-training-staging-231917356461",
            "mfa": null,
            "versioning_configuration": [
              {
                "mfa_delete": "",
                "status": "Enabled"
              }
            ]
          },
          "sensitive_attributes": [],
          "identity_schema_version": 0,
          "private": "bnVsbA==",
          "dependencies": [
            "data.aws_caller_identity.current",
            "module.training_bucket.aws_s3_bucket.bucket"
          ]
        }
      ]
    }
  ],
  "check_results": null
}
